
Microsoft Visual Studio Solution File, Format Version 12.00
# Visual Studio Version 16
VisualStudioVersion = 16.0.34114.132
MinimumVisualStudioVersion = 10.0.40219.1
Project("{FAE04EC0-301F-11D3-BF4B-00C04F79EFBC}") = "WPFUtil", "WPFUtil.csproj", "{7CB0EA55-2211-45AC-94E5-1AE047326CAD}"
EndProject
Global
	GlobalSection(SolutionConfigurationPlatforms) = preSolution
		Debug|Any CPU = Debug|Any CPU
		Release|Any CPU = Release|Any CPU
	EndGlobalSection
	GlobalSection(ProjectConfigurationPlatforms) = postSolution
		{7CB0EA55-2211-45AC-94E5-1AE047326CAD}.Debug|Any CPU.ActiveCfg = Debug|Any CPU
		{7CB0EA55-2211-45AC-94E5-1AE047326CAD}.Debug|Any CPU.Build.0 = Debug|Any CPU
		{7CB0EA55-2211-45AC-94E5-1AE047326CAD}.Release|Any CPU.ActiveCfg = Release|Any CPU
		{7CB0EA55-2211-45AC-94E5-1AE047326CAD}.Release|Any CPU.Build.0 = Release|Any CPU
	EndGlobalSection
	GlobalSection(SolutionProperties) = preSolution
		HideSolutionNode = FALSE
	EndGlobalSection
	GlobalSection(ExtensibilityGlobals) = postSolution
		SolutionGuid = {AAB698C4-3F6A-4DBF-AF0C-46E4E123FE3F}
	EndGlobalSection
EndGlobal
