
Microsoft Visual Studio Solution File, Format Version 12.00
# Visual Studio Version 17
VisualStudioVersion = 17.10.35013.160
MinimumVisualStudioVersion = 10.0.40219.1
Project("{9A19103F-16F7-4668-BE54-9A1E7A4F7556}") = "WPFUtil", "WPFUtil.csproj", "{D918FD70-4A63-4156-8D97-3A5F35AD9C1B}"
EndProject
Global
	GlobalSection(SolutionConfigurationPlatforms) = preSolution
		Debug|Any CPU = Debug|Any CPU
		Release|Any CPU = Release|Any CPU
	EndGlobalSection
	GlobalSection(ProjectConfigurationPlatforms) = postSolution
		{D918FD70-4A63-4156-8D97-3A5F35AD9C1B}.Debug|Any CPU.ActiveCfg = Debug|Any CPU
		{D918FD70-4A63-4156-8D97-3A5F35AD9C1B}.Debug|Any CPU.Build.0 = Debug|Any CPU
		{D918FD70-4A63-4156-8D97-3A5F35AD9C1B}.Release|Any CPU.ActiveCfg = Release|Any CPU
		{D918FD70-4A63-4156-8D97-3A5F35AD9C1B}.Release|Any CPU.Build.0 = Release|Any CPU
	EndGlobalSection
	GlobalSection(SolutionProperties) = preSolution
		HideSolutionNode = FALSE
	EndGlobalSection
	GlobalSection(ExtensibilityGlobals) = postSolution
		SolutionGuid = {1D51267C-5167-4848-B0CB-FA08B90C84BC}
	EndGlobalSection
EndGlobal
